{
  "name": "stothramala",
  "lockfileVersion": 2,
  "requires": true,
  "packages": {
    "": {
      "dependencies": {
        "@sanskrit-coders/sanscript": "^1.1.7"
      }
    },
    "node_modules/@sanskrit-coders/sanscript": {
      "version": "1.1.7",
      "resolved": "https://registry.npmjs.org/@sanskrit-coders/sanscript/-/sanscript-1.1.7.tgz",
      "integrity": "sha512-0eEHixeqD6WNrZmcBuWVXlYgllEUCSzmwgFv8vBwQ4AFOVCojPF3kfFX2mTDzWE6f3rim1Xufqg5OmVLUEJxqA=="
    }
  },
  "dependencies": {
    "@sanskrit-coders/sanscript": {
      "version": "1.1.7",
      "resolved": "https://registry.npmjs.org/@sanskrit-coders/sanscript/-/sanscript-1.1.7.tgz",
      "integrity": "sha512-0eEHixeqD6WNrZmcBuWVXlYgllEUCSzmwgFv8vBwQ4AFOVCojPF3kfFX2mTDzWE6f3rim1Xufqg5OmVLUEJxqA=="
    }
  }
}
